
Microsoft Visual Studio Solution File, Format Version 12.00
# Visual Studio Version 16
VisualStudioVersion = 16.0.30517.126
MinimumVisualStudioVersion = 10.0.40219.1
Project("{FAE04EC0-301F-11D3-BF4B-00C04F79EFBC}") = "CsharpBDDMantis", "CsharpBDDMantis\CsharpBDDMantis.csproj", "{971FC3A2-85D3-48A8-A6BA-54604F535A2F}"
EndProject
Global
	GlobalSection(SolutionConfigurationPlatforms) = preSolution
		Debug|Any CPU = Debug|Any CPU
		Release|Any CPU = Release|Any CPU
	EndGlobalSection
	GlobalSection(ProjectConfigurationPlatforms) = postSolution
		{971FC3A2-85D3-48A8-A6BA-54604F535A2F}.Debug|Any CPU.ActiveCfg = Debug|Any CPU
		{971FC3A2-85D3-48A8-A6BA-54604F535A2F}.Debug|Any CPU.Build.0 = Debug|Any CPU
		{971FC3A2-85D3-48A8-A6BA-54604F535A2F}.Release|Any CPU.ActiveCfg = Release|Any CPU
		{971FC3A2-85D3-48A8-A6BA-54604F535A2F}.Release|Any CPU.Build.0 = Release|Any CPU
	EndGlobalSection
	GlobalSection(SolutionProperties) = preSolution
		HideSolutionNode = FALSE
	EndGlobalSection
	GlobalSection(ExtensibilityGlobals) = postSolution
		SolutionGuid = {9B3DC766-AF12-4AD4-B13E-45B91B7627CF}
	EndGlobalSection
EndGlobal
